<Solution>
  <Project Path="timeular-libre.AppHost/timeular-libre.AppHost.csproj" />
  <Project Path="timeular-libre.ServiceDefaults/timeular-libre.ServiceDefaults.csproj" />
  <Project Path="Timeular.Core.Tests/Timeular.Core.Tests.csproj" />
  <Project Path="Timeular.Core/Timeular.Core.csproj" />
  <Project Path="Timeular.Desktop/Timeular.Desktop.csproj" />
  <Project Path="Timeular.Log/Timeular.Log.csproj" />
</Solution>
